
Microsoft Visual Studio Solution File, Format Version 12.00
# Visual Studio Version 16
VisualStudioVersion = 16.0.30309.148
MinimumVisualStudioVersion = 10.0.40219.1
Project("{2150E333-8FDC-42A3-9474-1A3956D46DE8}") = "Solution Items", "Solution Items", "{B2AB935C-299A-4FC1-93DA-9C1ADBCDE7FB}"
EndProject
Project("{9A19103F-16F7-4668-BE54-9A1E7A4F7556}") = "Horus.Functions", "Horus.Functions\Horus.Functions.csproj", "{D26E7FFE-A2A9-4213-971E-21C0A78988C9}"
EndProject
Project("{9A19103F-16F7-4668-BE54-9A1E7A4F7556}") = "Horus.Trainer", "Horus.Trainer\Horus.Trainer.csproj", "{A2D7E56A-5167-4CDC-9343-62CA496810D5}"
EndProject
Project("{FAE04EC0-301F-11D3-BF4B-00C04F79EFBC}") = "Horus.Generator", "Horus.Generator\Horus.Generator.csproj", "{D9828403-84AF-41E5-A785-6625750E91BF}"
EndProject
Global
	GlobalSection(SolutionConfigurationPlatforms) = preSolution
		Debug|Any CPU = Debug|Any CPU
		Release|Any CPU = Release|Any CPU
	EndGlobalSection
	GlobalSection(ProjectConfigurationPlatforms) = postSolution
		{D26E7FFE-A2A9-4213-971E-21C0A78988C9}.Debug|Any CPU.ActiveCfg = Debug|Any CPU
		{D26E7FFE-A2A9-4213-971E-21C0A78988C9}.Debug|Any CPU.Build.0 = Debug|Any CPU
		{D26E7FFE-A2A9-4213-971E-21C0A78988C9}.Release|Any CPU.ActiveCfg = Release|Any CPU
		{D26E7FFE-A2A9-4213-971E-21C0A78988C9}.Release|Any CPU.Build.0 = Release|Any CPU
		{A2D7E56A-5167-4CDC-9343-62CA496810D5}.Debug|Any CPU.ActiveCfg = Debug|Any CPU
		{A2D7E56A-5167-4CDC-9343-62CA496810D5}.Debug|Any CPU.Build.0 = Debug|Any CPU
		{A2D7E56A-5167-4CDC-9343-62CA496810D5}.Release|Any CPU.ActiveCfg = Release|Any CPU
		{A2D7E56A-5167-4CDC-9343-62CA496810D5}.Release|Any CPU.Build.0 = Release|Any CPU
		{D9828403-84AF-41E5-A785-6625750E91BF}.Debug|Any CPU.ActiveCfg = Debug|Any CPU
		{D9828403-84AF-41E5-A785-6625750E91BF}.Debug|Any CPU.Build.0 = Debug|Any CPU
		{D9828403-84AF-41E5-A785-6625750E91BF}.Release|Any CPU.ActiveCfg = Release|Any CPU
		{D9828403-84AF-41E5-A785-6625750E91BF}.Release|Any CPU.Build.0 = Release|Any CPU
	EndGlobalSection
	GlobalSection(SolutionProperties) = preSolution
		HideSolutionNode = FALSE
	EndGlobalSection
	GlobalSection(ExtensibilityGlobals) = postSolution
		SolutionGuid = {B42F9AC6-F98E-4C67-99C9-4F2B1500F893}
	EndGlobalSection
EndGlobal
